
Microsoft Visual Studio Solution File, Format Version 12.00
# Visual Studio Version 16
VisualStudioVersion = 16.0.31112.23
MinimumVisualStudioVersion = 10.0.40219.1
Project("{FAE04EC0-301F-11D3-BF4B-00C04F79EFBC}") = "VoicebankSerializer", "VoicebankSerializer.csproj", "{B85512EB-F2F2-4B31-AAF3-280A30DB1979}"
EndProject
Global
	GlobalSection(SolutionConfigurationPlatforms) = preSolution
		Debug|Any CPU = Debug|Any CPU
		Release|Any CPU = Release|Any CPU
	EndGlobalSection
	GlobalSection(ProjectConfigurationPlatforms) = postSolution
		{B85512EB-F2F2-4B31-AAF3-280A30DB1979}.Debug|Any CPU.ActiveCfg = Debug|Any CPU
		{B85512EB-F2F2-4B31-AAF3-280A30DB1979}.Debug|Any CPU.Build.0 = Debug|Any CPU
		{B85512EB-F2F2-4B31-AAF3-280A30DB1979}.Release|Any CPU.ActiveCfg = Release|Any CPU
		{B85512EB-F2F2-4B31-AAF3-280A30DB1979}.Release|Any CPU.Build.0 = Release|Any CPU
	EndGlobalSection
	GlobalSection(SolutionProperties) = preSolution
		HideSolutionNode = FALSE
	EndGlobalSection
	GlobalSection(ExtensibilityGlobals) = postSolution
		SolutionGuid = {63D606D8-E65F-4A31-BE52-3EEAB18482B7}
	EndGlobalSection
EndGlobal
